
Microsoft Visual Studio Solution File, Format Version 12.00
# Visual Studio Version 17
VisualStudioVersion = 17.9.34622.214
MinimumVisualStudioVersion = 10.0.40219.1
Project("{9A19103F-16F7-4668-BE54-9A1E7A4F7556}") = "Book.Archieve.API", "Book.Archieve\Book.Archieve.API.csproj", "{D0D9D15E-C1B0-4A83-879B-A89AAD79561D}"
EndProject
Project("{9A19103F-16F7-4668-BE54-9A1E7A4F7556}") = "Book.Archieve.Domain", "Book.Archieve.Domain\Book.Archieve.Domain.csproj", "{0758FB83-7044-4E12-8D90-E48C2D199BC0}"
EndProject
Project("{FAE04EC0-301F-11D3-BF4B-00C04F79EFBC}") = "Book.Archieve.Application", "Book.Archieve.Application\Book.Archieve.Application.csproj", "{54CB0405-1068-441A-8A40-ED7DC6FBF828}"
EndProject
Project("{FAE04EC0-301F-11D3-BF4B-00C04F79EFBC}") = "Book.Archieve.Infrastructure", "Book.Archieve.Infrastructure\Book.Archieve.Infrastructure.csproj", "{8A5F0C73-B6C9-4A6C-AE74-0C3F0122FC63}"
EndProject
Global
	GlobalSection(SolutionConfigurationPlatforms) = preSolution
		Debug|Any CPU = Debug|Any CPU
		Release|Any CPU = Release|Any CPU
	EndGlobalSection
	GlobalSection(ProjectConfigurationPlatforms) = postSolution
		{D0D9D15E-C1B0-4A83-879B-A89AAD79561D}.Debug|Any CPU.ActiveCfg = Debug|Any CPU
		{D0D9D15E-C1B0-4A83-879B-A89AAD79561D}.Debug|Any CPU.Build.0 = Debug|Any CPU
		{D0D9D15E-C1B0-4A83-879B-A89AAD79561D}.Release|Any CPU.ActiveCfg = Release|Any CPU
		{D0D9D15E-C1B0-4A83-879B-A89AAD79561D}.Release|Any CPU.Build.0 = Release|Any CPU
		{0758FB83-7044-4E12-8D90-E48C2D199BC0}.Debug|Any CPU.ActiveCfg = Debug|Any CPU
		{0758FB83-7044-4E12-8D90-E48C2D199BC0}.Debug|Any CPU.Build.0 = Debug|Any CPU
		{0758FB83-7044-4E12-8D90-E48C2D199BC0}.Release|Any CPU.ActiveCfg = Release|Any CPU
		{0758FB83-7044-4E12-8D90-E48C2D199BC0}.Release|Any CPU.Build.0 = Release|Any CPU
		{54CB0405-1068-441A-8A40-ED7DC6FBF828}.Debug|Any CPU.ActiveCfg = Debug|Any CPU
		{54CB0405-1068-441A-8A40-ED7DC6FBF828}.Debug|Any CPU.Build.0 = Debug|Any CPU
		{54CB0405-1068-441A-8A40-ED7DC6FBF828}.Release|Any CPU.ActiveCfg = Release|Any CPU
		{54CB0405-1068-441A-8A40-ED7DC6FBF828}.Release|Any CPU.Build.0 = Release|Any CPU
		{8A5F0C73-B6C9-4A6C-AE74-0C3F0122FC63}.Debug|Any CPU.ActiveCfg = Debug|Any CPU
		{8A5F0C73-B6C9-4A6C-AE74-0C3F0122FC63}.Debug|Any CPU.Build.0 = Debug|Any CPU
		{8A5F0C73-B6C9-4A6C-AE74-0C3F0122FC63}.Release|Any CPU.ActiveCfg = Release|Any CPU
		{8A5F0C73-B6C9-4A6C-AE74-0C3F0122FC63}.Release|Any CPU.Build.0 = Release|Any CPU
	EndGlobalSection
	GlobalSection(SolutionProperties) = preSolution
		HideSolutionNode = FALSE
	EndGlobalSection
	GlobalSection(ExtensibilityGlobals) = postSolution
		SolutionGuid = {1BE6BCCD-7544-4BFC-850E-073501F171D2}
	EndGlobalSection
EndGlobal
